PODS:
  - biometric_key (0.1.0):
    - Flutter
    - FlutterMacOS
  - device_privacy (0.1.0):
    - Flutter
  - file_picker_darwin (1.0.0):
    - Flutter
    - FlutterMacOS
  - Flutter (1.0.0)
  - flutter_local_notifications (0.0.1):
    - Flutter
  - flutter_secure_storage_darwin (10.0.0):
    - Flutter
    - FlutterMacOS
  - flutter_timezone (0.0.1):
    - Flutter
  - integration_test (0.0.1):
    - Flutter
  - mobile_scanner (7.0.0):
    - Flutter
    - FlutterMacOS
  - printing (1.0.0):
    - Flutter
  - share_plus (0.0.1):
    - Flutter

DEPENDENCIES:
  - biometric_key (from `.symlinks/plugins/biometric_key/darwin`)
  - device_privacy (from `.symlinks/plugins/device_privacy/ios`)
  - file_picker_darwin (from `.symlinks/plugins/file_picker_darwin/darwin`)
  - Flutter (from `Flutter`)
  - flutter_local_notifications (from `.symlinks/plugins/flutter_local_notifications/ios`)
  - flutter_secure_storage_darwin (from `.symlinks/plugins/flutter_secure_storage_darwin/darwin`)
  - flutter_timezone (from `.symlinks/plugins/flutter_timezone/ios`)
  - integration_test (from `.symlinks/plugins/integration_test/ios`)
  - mobile_scanner (from `.symlinks/plugins/mobile_scanner/darwin`)
  - printing (from `.symlinks/plugins/printing/ios`)
  - share_plus (from `.symlinks/plugins/share_plus/ios`)

EXTERNAL SOURCES:
  biometric_key:
    :path: ".symlinks/plugins/biometric_key/darwin"
  device_privacy:
    :path: ".symlinks/plugins/device_privacy/ios"
  file_picker_darwin:
    :path: ".symlinks/plugins/file_picker_darwin/darwin"
  Flutter:
    :path: Flutter
  flutter_local_notifications:
    :path: ".symlinks/plugins/flutter_local_notifications/ios"
  flutter_secure_storage_darwin:
    :path: ".symlinks/plugins/flutter_secure_storage_darwin/darwin"
  flutter_timezone:
    :path: ".symlinks/plugins/flutter_timezone/ios"
  integration_test:
    :path: ".symlinks/plugins/integration_test/ios"
  mobile_scanner:
    :path: ".symlinks/plugins/mobile_scanner/darwin"
  printing:
    :path: ".symlinks/plugins/printing/ios"
  share_plus:
    :path: ".symlinks/plugins/share_plus/ios"

SPEC CHECKSUMS:
  biometric_key: 148bb06919c71c21f208e544e921839aa19b635a
  device_privacy: 1312267e5b5f39b8a3190aa835e24c93e979c9f5
  file_picker_darwin: 4c2b9a50ea44cb3b071381ea0cf48591bdd80251
  Flutter: 71a624a5bc0c04062bf19101d501e466baf2fb47
  flutter_local_notifications: 643a3eda1ce1c0599413ca31672536d423dee214
  flutter_secure_storage_darwin: 46e401699982ee74142909676535e0f6a7321e58
  flutter_timezone: 7c838e17ffd4645d261e87037e5bebf6d38fe544
  integration_test: 4a889634ef21a45d28d50d622cf412dc6d9f586e
  mobile_scanner: 9157936403f5a0644ca3779a38ff8404c5434a93
  printing: a8960104e6c1a2b4bd3483a2f79c69be60830d08
  share_plus: eccd7beb7cea61271aeed1800e8ccb2b952c0c7f

PODFILE CHECKSUM: 3ba3a73b1b12adcf321a227a745625fe0888cc82

COCOAPODS: 1.16.2
